// !$*UTF8*$!
{
	archiveVersion = 1;
	classes = {
	};
	objectVersion = 50;
	objects = {

/* Begin PBXBuildFile section */
		AF1AD3C9223FD6B80037386E /* AppDelegate.swift in Sources */ = {isa = PBXBuildFile; fileRef = AF1AD3C8223FD6B80037386E /* AppDelegate.swift */; };
		AF1AD3CB223FD6B80037386E /* ViewController.swift in Sources */ = {isa = PBXBuildFile; fileRef = AF1AD3CA223FD6B80037386E /* ViewController.swift */; };
		AF1AD3CE223FD6B80037386E /* Main.storyboard in Resources */ = {isa = PBXBuildFile; fileRef = AF1AD3CC223FD6B80037386E /* Main.storyboard */; };
		AF1AD3D0223FD6C20037386E /* Assets.xcassets in Resources */ = {isa = PBXBuildFile; fileRef = AF1AD3CF223FD6C20037386E /* Assets.xcassets */; };
		AF1AD3D3223FD6C20037386E /* LaunchScreen.storyboard in Resources */ = {isa = PBXBuildFile; fileRef = AF1AD3D1223FD6C20037386E /* LaunchScreen.storyboard */; };
/* End PBXBuildFile section */

/* Begin PBXFileReference section */
		AF1AD3C5223FD6B80037386E /* ProgrammaticAutolayout1.app */ = {isa = PBXFileReference; explicitFileType = wrapper.application; includeInIndex = 0; path = ProgrammaticAutolayout1.app; sourceTree = BUILT_PRODUCTS_DIR; };
		AF1AD3C8223FD6B80037386E /* AppDelegate.swift */ = {isa = PBXFileReference; lastKnownFileType = sourcecode.swift; path = AppDelegate.swift; sourceTree = "<group>"; };
		AF1AD3CA223FD6B80037386E /* ViewController.swift */ = {isa = PBXFileReference; lastKnownFileType = sourcecode.swift; path = ViewController.swift; sourceTree = "<group>"; };
		AF1AD3CD223FD6B80037386E /* Base */ = {isa = PBXFileReference; lastKnownFileType = file.storyboard; name = Base; path = Base.lproj/Main.storyboard; sourceTree = "<group>"; };
		AF1AD3CF223FD6C20037386E /* Assets.xcassets */ = {isa = PBXFileReference; lastKnownFileType = folder.assetcatalog; path = Assets.xcassets; sourceTree = "<group>"; };
		AF1AD3D2223FD6C20037386E /* Base */ = {isa = PBXFileReference; lastKnownFileType = file.storyboard; name = Base; path = Base.lproj/LaunchScreen.storyboard; sourceTree = "<group>"; };
		AF1AD3D4223FD6C20037386E /* Info.plist */ = {isa = PBXFileReference; lastKnownFileType = text.plist.xml; path = Info.plist; sourceTree = "<group>"; };
/* End PBXFileReference section */

/* Begin PBXFrameworksBuildPhase section */
		AF1AD3C2223FD6B80037386E /* Frameworks */ = {
			isa = PBXFrameworksBuildPhase;
			buildActionMask = 2147483647;
			files = (
			);
			runOnlyForDeploymentPostprocessing = 0;
		};
/* End PBXFrameworksBuildPhase section */

/* Begin PBXGroup section */
		AF1AD3BC223FD6B80037386E = {
			isa = PBXGroup;
			children = (
				AF1AD3C7223FD6B80037386E /* ProgrammaticAutolayout1 */,
				AF1AD3C6223FD6B80037386E /* Products */,
			);
			sourceTree = "<group>";
		};
		AF1AD3C6223FD6B80037386E /* Products */ = {
			isa = PBXGroup;
			children = (
				AF1AD3C5223FD6B80037386E /* ProgrammaticAutolayout1.app */,
			);
			name = Products;
			sourceTree = "<group>";
		};
		AF1AD3C7223FD6B80037386E /* ProgrammaticAutolayout1 */ = {
			isa = PBXGroup;
			children = (
				AF1AD3C8223FD6B80037386E /* AppDelegate.swift */,
				AF1AD3CA223FD6B80037386E /* ViewController.swift */,
				AF1AD3CC223FD6B80037386E /* Main.storyboard */,
				AF1AD3CF223FD6C20037386E /* Assets.xcassets */,
				AF1AD3D1223FD6C20037386E /* LaunchScreen.storyboard */,
				AF1AD3D4223FD6C20037386E /* Info.plist */,
			);
			path = ProgrammaticAutolayout1;
			sourceTree = "<group>";
		};
/* End PBXGroup section */

/* Begin PBXNativeTarget section */
		AF1AD3C4223FD6B80037386E /* ProgrammaticAutolayout1 */ = {
			isa = PBXNativeTarget;
			buildConfigurationList = AF1AD3D7223FD6C20037386E /* Build configuration list for PBXNativeTarget "ProgrammaticAutolayout1" */;
			buildPhases = (
				AF1AD3C1223FD6B80037386E /* Sources */,
				AF1AD3C2223FD6B80037386E /* Frameworks */,
				AF1AD3C3223FD6B80037386E /* Resources */,
			);
			buildRules = (
			);
			dependencies = (
			);
			name = ProgrammaticAutolayout1;
			productName = StarterAppUsingStoryBoards;
			productReference = AF1AD3C5223FD6B80037386E /* ProgrammaticAutolayout1.app */;
			productType = "com.apple.product-type.application";
		};
/* End PBXNativeTarget section */

/* Begin PBXProject section */
		AF1AD3BD223FD6B80037386E /* Project object */ = {
			isa = PBXProject;
			attributes = {
				LastSwiftUpdateCheck = 1010;
				LastUpgradeCheck = 1010;
				ORGANIZATIONNAME = TheTechStory;
				TargetAttributes = {
					AF1AD3C4223FD6B80037386E = {
						CreatedOnToolsVersion = 10.1;
					};
				};
			};
			buildConfigurationList = AF1AD3C0223FD6B80037386E /* Build configuration list for PBXProject "ProgrammaticAutolayout1" */;
			compatibilityVersion = "Xcode 9.3";
			developmentRegion = en;
			hasScannedForEncodings = 0;
			knownRegions = (
				en,
				Base,
			);
			mainGroup = AF1AD3BC223FD6B80037386E;
			productRefGroup = AF1AD3C6223FD6B80037386E /* Products */;
			projectDirPath = "";
			projectRoot = "";
			targets = (
				AF1AD3C4223FD6B80037386E /* ProgrammaticAutolayout1 */,
			);
		};
/* End PBXProject section */

/* Begin PBXResourcesBuildPhase section */
		AF1AD3C3223FD6B80037386E /* Resources */ = {
			isa = PBXResourcesBuildPhase;
			buildActionMask = 2147483647;
			files = (
				AF1AD3D3223FD6C20037386E /* LaunchScreen.storyboard in Resources */,
				AF1AD3D0223FD6C20037386E /* Assets.xcassets in Resources */,
				AF1AD3CE223FD6B80037386E /* Main.storyboard in Resources */,
			);
			runOnlyForDeploymentPostprocessing = 0;
		};
/* End PBXResourcesBuildPhase section */

/* Begin PBXSourcesBuildPhase section */
		AF1AD3C1223FD6B80037386E /* Sources */ = {
			isa = PBXSourcesBuildPhase;
			buildActionMask = 2147483647;
			files = (
				AF1AD3CB223FD6B80037386E /* ViewController.swift in Sources */,
				AF1AD3C9223FD6B80037386E /* AppDelegate.swift in Sources */,
			);
			runOnlyForDeploymentPostprocessing = 0;
		};
/* End PBXSourcesBuildPhase section */

/* Begin PBXVariantGroup section */
		AF1AD3CC223FD6B80037386E /* Main.storyboard */ = {
			isa = PBXVariantGroup;
			children = (
				AF1AD3CD223FD6B80037386E /* Base */,
			);
			name = Main.storyboard;
			sourceTree = "<group>";
		};
		AF1AD3D1223FD6C20037386E /* LaunchScreen.storyboard */ = {
			isa = PBXVariantGroup;
			children = (
				AF1AD3D2223FD6C20037386E /* Base */,
			);
			name = LaunchScreen.storyboard;
			sourceTree = "<group>";
		};
/* End PBXVariantGroup section */

/* Begin XCBuildConfiguration section */
		AF1AD3D5223FD6C20037386E /* Debug */ = {
			isa = XCBuildConfiguration;
			buildSettings = {
				ALWAYS_SEARCH_USER_PATHS = NO;
				CLANG_ANALYZER_NONNULL = YES;
				CLANG_ANALYZER_NUMBER_OBJECT_CONVERSION = YES_AGGRESSIVE;
				CLANG_CXX_LANGUAGE_STANDARD = "gnu++14";
				CLANG_CXX_LIBRARY = "libc++";
				CLANG_ENABLE_MODULES = YES;
				CLANG_ENABLE_OBJC_ARC = YES;
				CLANG_ENABLE_OBJC_WEAK = YES;
				CLANG_WARN_BLOCK_CAPTURE_AUTORELEASING = YES;
				CLANG_WARN_BOOL_CONVERSION = YES;
				CLANG_WARN_COMMA = YES;
				CLANG_WARN_CONSTANT_CONVERSION = YES;
				CLANG_WARN_DEPRECATED_OBJC_IMPLEMENTATIONS = YES;
				CLANG_WARN_DIRECT_OBJC_ISA_USAGE = YES_ERROR;
				CLANG_WARN_DOCUMENTATION_COMMENTS = YES;
				CLANG_WARN_EMPTY_BODY = YES;
				CLANG_WARN_ENUM_CONVERSION = YES;
				CLANG_WARN_INFINITE_RECURSION = YES;
				CLANG_WARN_INT_CONVERSION = YES;
				CLANG_WARN_NON_LITERAL_NULL_CONVERSION = YES;
				CLANG_WARN_OBJC_IMPLICIT_RETAIN_SELF = YES;
				CLANG_WARN_OBJC_LITERAL_CONVERSION = YES;
				CLANG_WARN_OBJC_ROOT_CLASS = YES_ERROR;
				CLANG_WARN_RANGE_LOOP_ANALYSIS = YES;
				CLANG_WARN_STRICT_PROTOTYPES = YES;
				CLANG_WARN_SUSPICIOUS_MOVE = YES;
				CLANG_WARN_UNGUARDED_AVAILABILITY = YES_AGGRESSIVE;
				CLANG_WARN_UNREACHABLE_CODE = YES;
				CLANG_WARN__DUPLICATE_METHOD_MATCH = YES;
				CODE_SIGN_IDENTITY = "iPhone Developer";
				COPY_PHASE_STRIP = NO;
				DEBUG_INFORMATION_FORMAT = dwarf;
				ENABLE_STRICT_OBJC_MSGSEND = YES;
				ENABLE_TESTABILITY = YES;
				GCC_C_LANGUAGE_STANDARD = gnu11;
				GCC_DYNAMIC_NO_PIC = NO;
				GCC_NO_COMMON_BLOCKS = YES;
				GCC_OPTIMIZATION_LEVEL = 0;
				GCC_PREPROCESSOR_DEFINITIONS = (
					"DEBUG=1",
					"$(inherited)",
				);
				GCC_WARN_64_TO_32_BIT_CONVERSION = YES;
				GCC_WARN_ABOUT_RETURN_TYPE = YES_ERROR;
				GCC_WARN_UNDECLARED_SELECTOR = YES;
				GCC_WARN_UNINITIALIZED_AUTOS = YES_AGGRESSIVE;
				GCC_WARN_UNUSED_FUNCTION = YES;
				GCC_WARN_UNUSED_VARIABLE = YES;
				IPHONEOS_DEPLOYMENT_TARGET = 12.1;
				MTL_ENABLE_DEBUG_INFO = INCLUDE_SOURCE;
				MTL_FAST_MATH = YES;
				ONLY_ACTIVE_ARCH = YES;
				SDKROOT = iphoneos;
				SWIFT_ACTIVE_COMPILATION_CONDITIONS = DEBUG;
				SWIFT_OPTIMIZATION_LEVEL = "-Onone";
			};
			name = Debug;
		};
		AF1AD3D6223FD6C20037386E /* Release */ = {
			isa = XCBuildConfiguration;
			buildSettings = {
				ALWAYS_SEARCH_USER_PATHS = NO;
				CLANG_ANALYZER_NONNULL = YES;
				CLANG_ANALYZER_NUMBER_OBJECT_CONVERSION = YES_AGGRESSIVE;
				CLANG_CXX_LANGUAGE_STANDARD = "gnu++14";
				CLANG_CXX_LIBRARY = "libc++";
				CLANG_ENABLE_MODULES = YES;
				CLANG_ENABLE_OBJC_ARC = YES;
				CLANG_ENABLE_OBJC_WEAK = YES;
				CLANG_WARN_BLOCK_CAPTURE_AUTORELEASING = YES;
				CLANG_WARN_BOOL_CONVERSION = YES;
				CLANG_WARN_COMMA = YES;
				CLANG_WARN_CONSTANT_CONVERSION = YES;
				CLANG_WARN_DEPRECATED_OBJC_IMPLEMENTATIONS = YES;
				CLANG_WARN_DIRECT_OBJC_ISA_USAGE = YES_ERROR;
				CLANG_WARN_DOCUMENTATION_COMMENTS = YES;
				CLANG_WARN_EMPTY_BODY = YES;
				CLANG_WARN_ENUM_CONVERSION = YES;
				CLANG_WARN_INFINITE_RECURSION = YES;
				CLANG_WARN_INT_CONVERSION = YES;
				CLANG_WARN_NON_LITERAL_NULL_CONVERSION = YES;
				CLANG_WARN_OBJC_IMPLICIT_RETAIN_SELF = YES;
				CLANG_WARN_OBJC_LITERAL_CONVERSION = YES;
				CLANG_WARN_OBJC_ROOT_CLASS = YES_ERROR;
				CLANG_WARN_RANGE_LOOP_ANALYSIS = YES;
				CLANG_WARN_STRICT_PROTOTYPES = YES;
				CLANG_WARN_SUSPICIOUS_MOVE = YES;
				CLANG_WARN_UNGUARDED_AVAILABILITY = YES_AGGRESSIVE;
				CLANG_WARN_UNREACHABLE_CODE = YES;
				CLANG_WARN__DUPLICATE_METHOD_MATCH = YES;
				CODE_SIGN_IDENTITY = "iPhone Developer";
				COPY_PHASE_STRIP = NO;
				DEBUG_INFORMATION_FORMAT = "dwarf-with-dsym";
				ENABLE_NS_ASSERTIONS = NO;
				ENABLE_STRICT_OBJC_MSGSEND = YES;
				GCC_C_LANGUAGE_STANDARD = gnu11;
				GCC_NO_COMMON_BLOCKS = YES;
				GCC_WARN_64_TO_32_BIT_CONVERSION = YES;
				GCC_WARN_ABOUT_RETURN_TYPE = YES_ERROR;
				GCC_WARN_UNDECLARED_SELECTOR = YES;
				GCC_WARN_UNINITIALIZED_AUTOS = YES_AGGRESSIVE;
				GCC_WARN_UNUSED_FUNCTION = YES;
				GCC_WARN_UNUSED_VARIABLE = YES;
				IPHONEOS_DEPLOYMENT_TARGET = 12.1;
				MTL_ENABLE_DEBUG_INFO = NO;
				MTL_FAST_MATH = YES;
				SDKROOT = iphoneos;
				SWIFT_COMPILATION_MODE = wholemodule;
				SWIFT_OPTIMIZATION_LEVEL = "-O";
				VALIDATE_PRODUCT = YES;
			};
			name = Release;
		};
		AF1AD3D8223FD6C20037386E /* Debug */ = {
			isa = XCBuildConfiguration;
			buildSettings = {
				ASSETCATALOG_COMPILER_APPICON_NAME = AppIcon;
				CODE_SIGN_STYLE = Automatic;
				DEVELOPMENT_TEAM = W3BU4T6J77;
				INFOPLIST_FILE = ProgrammaticAutolayout1/Info.plist;
				LD_RUNPATH_SEARCH_PATHS = (
					"$(inherited)",
					"@executable_path/Frameworks",
				);
				PRODUCT_BUNDLE_IDENTIFIER = com.thetechstory.ProgrammaticAutolayout1;
				PRODUCT_NAME = "$(TARGET_NAME)";
				SWIFT_VERSION = 4.2;
				TARGETED_DEVICE_FAMILY = "1,2";
			};
			name = Debug;
		};
		AF1AD3D9223FD6C20037386E /* Release */ = {
			isa = XCBuildConfiguration;
			buildSettings = {
				ASSETCATALOG_COMPILER_APPICON_NAME = AppIcon;
				CODE_SIGN_STYLE = Automatic;
				DEVELOPMENT_TEAM = W3BU4T6J77;
				INFOPLIST_FILE = ProgrammaticAutolayout1/Info.plist;
				LD_RUNPATH_SEARCH_PATHS = (
					"$(inherited)",
					"@executable_path/Frameworks",
				);
				PRODUCT_BUNDLE_IDENTIFIER = com.thetechstory.ProgrammaticAutolayout1;
				PRODUCT_NAME = "$(TARGET_NAME)";
				SWIFT_VERSION = 4.2;
				TARGETED_DEVICE_FAMILY = "1,2";
			};
			name = Release;
		};
/* End XCBuildConfiguration section */

/* Begin XCConfigurationList section */
		AF1AD3C0223FD6B80037386E /* Build configuration list for PBXProject "ProgrammaticAutolayout1" */ = {
			isa = XCConfigurationList;
			buildConfigurations = (
				AF1AD3D5223FD6C20037386E /* Debug */,
				AF1AD3D6223FD6C20037386E /* Release */,
			);
			defaultConfigurationIsVisible = 0;
			defaultConfigurationName = Release;
		};
		AF1AD3D7223FD6C20037386E /* Build configuration list for PBXNativeTarget "ProgrammaticAutolayout1" */ = {
			isa = XCConfigurationList;
			buildConfigurations = (
				AF1AD3D8223FD6C20037386E /* Debug */,
				AF1AD3D9223FD6C20037386E /* Release */,
			);
			defaultConfigurationIsVisible = 0;
			defaultConfigurationName = Release;
		};
/* End XCConfigurationList section */
	};
	rootObject = AF1AD3BD223FD6B80037386E /* Project object */;
}
